
Microsoft Visual Studio Solution File, Format Version 12.00
# Visual Studio Version 17
VisualStudioVersion = 17.10.34928.147
MinimumVisualStudioVersion = 10.0.40219.1
Project("{8BC9CEB8-8B4A-11D0-8D11-00A0C91BC942}") = "Satisfactory Calc New", "Satisfactory Calc New\Satisfactory Calc New.vcxproj", "{B3DAC6CE-85EF-412E-936E-0816985DA58C}"
EndProject
Global
	GlobalSection(SolutionConfigurationPlatforms) = preSolution
		Debug|x64 = Debug|x64
		Debug|x86 = Debug|x86
		Release|x64 = Release|x64
		Release|x86 = Release|x86
	EndGlobalSection
	GlobalSection(ProjectConfigurationPlatforms) = postSolution
		{B3DAC6CE-85EF-412E-936E-0816985DA58C}.Debug|x64.ActiveCfg = Debug|x64
		{B3DAC6CE-85EF-412E-936E-0816985DA58C}.Debug|x64.Build.0 = Debug|x64
		{B3DAC6CE-85EF-412E-936E-0816985DA58C}.Debug|x86.ActiveCfg = Debug|Win32
		{B3DAC6CE-85EF-412E-936E-0816985DA58C}.Debug|x86.Build.0 = Debug|Win32
		{B3DAC6CE-85EF-412E-936E-0816985DA58C}.Release|x64.ActiveCfg = Release|x64
		{B3DAC6CE-85EF-412E-936E-0816985DA58C}.Release|x64.Build.0 = Release|x64
		{B3DAC6CE-85EF-412E-936E-0816985DA58C}.Release|x86.ActiveCfg = Release|Win32
		{B3DAC6CE-85EF-412E-936E-0816985DA58C}.Release|x86.Build.0 = Release|Win32
	EndGlobalSection
	GlobalSection(SolutionProperties) = preSolution
		HideSolutionNode = FALSE
	EndGlobalSection
	GlobalSection(ExtensibilityGlobals) = postSolution
		SolutionGuid = {F9BD4073-14FA-4A80-8D92-7D96DE795FCA}
	EndGlobalSection
EndGlobal
